
Microsoft Visual Studio Solution File, Format Version 12.00
# Visual Studio Version 17
VisualStudioVersion = 17.0.32112.339
MinimumVisualStudioVersion = 10.0.40219.1
Project("{FAE04EC0-301F-11D3-BF4B-00C04F79EFBC}") = "DatabaseProgrammingWithADODemos", "DatabaseProgrammingWithADODemos\DatabaseProgrammingWithADODemos.csproj", "{C4DEFB30-3CB5-4199-8D5A-5D8DB455A20F}"
EndProject
Project("{2150E333-8FDC-42A3-9474-1A3956D46DE8}") = "ADO Demos", "ADO Demos", "{B5FFEC93-5935-465D-9EC6-A1EC2EE8C9F9}"
EndProject
Project("{FAE04EC0-301F-11D3-BF4B-00C04F79EFBC}") = "ContactsManagementWindowsFormsApp", "ContactsManagementWindowsFormsApp\ContactsManagementWindowsFormsApp.csproj", "{FC1A99A2-B0C4-42BB-BA81-AE7A7B7B220E}"
EndProject
Project("{2150E333-8FDC-42A3-9474-1A3956D46DE8}") = "OO Demos", "OO Demos", "{3B6E4A7B-1C33-4CF5-9DEB-A1198117BAF1}"
EndProject
Project("{FAE04EC0-301F-11D3-BF4B-00C04F79EFBC}") = "OODemo1", "OODemo1\OODemo1.csproj", "{A55FC546-A82C-49E3-A9D4-1F6ABDE47533}"
EndProject
Project("{FAE04EC0-301F-11D3-BF4B-00C04F79EFBC}") = "OODemo2", "OODemo2\OODemo2.csproj", "{072DD937-8ADC-4745-8F87-12EA683FEE4B}"
EndProject
Project("{FAE04EC0-301F-11D3-BF4B-00C04F79EFBC}") = "OODemo3", "OODemo3\OODemo3.csproj", "{9F997115-FB58-49B6-88CD-FF6E5A4024EF}"
EndProject
Project("{FAE04EC0-301F-11D3-BF4B-00C04F79EFBC}") = "IDELab", "IDELab\IDELab.csproj", "{D3165156-CAEA-4950-A323-D7B5762D8573}"
EndProject
Project("{2150E333-8FDC-42A3-9474-1A3956D46DE8}") = "DP Demos", "DP Demos", "{EE86E826-5230-461B-AD25-99C429A55C07}"
EndProject
Project("{FAE04EC0-301F-11D3-BF4B-00C04F79EFBC}") = "POSWithDesignPatternsDemo", "POSWithDesignPatternsDemo\POSWithDesignPatternsDemo.csproj", "{A439A0D1-822B-419A-B9F3-CFA747582760}"
EndProject
Project("{2150E333-8FDC-42A3-9474-1A3956D46DE8}") = "Unit Testing Demos", "Unit Testing Demos", "{0D7478F6-BFC4-4D8E-8CF2-9C445F3BE7E8}"
EndProject
Project("{FAE04EC0-301F-11D3-BF4B-00C04F79EFBC}") = "SimpleCalculatorClassLibrary", "SimpleCalculatorClassLibrary\SimpleCalculatorClassLibrary.csproj", "{C66D8F5A-0082-40D0-9A37-94224D65E703}"
EndProject
Project("{FAE04EC0-301F-11D3-BF4B-00C04F79EFBC}") = "SimpleCalculatorClassLibrary.UnitTestProject", "SimpleCalculatorClassLibrary.UnitTestProject\SimpleCalculatorClassLibrary.UnitTestProject.csproj", "{7CE48011-8039-4B6F-8704-BE71B610DB22}"
EndProject
Project("{FAE04EC0-301F-11D3-BF4B-00C04F79EFBC}") = "BankAppLibrary", "BankAppLibrary\BankAppLibrary.csproj", "{FBDD152C-5434-4D4F-B59C-8832ABAB548A}"
EndProject
Project("{FAE04EC0-301F-11D3-BF4B-00C04F79EFBC}") = "BankAppLibrary.UnitTestProject", "BankAppLibrary.UnitTestProject\BankAppLibrary.UnitTestProject.csproj", "{E5825E8A-5E8F-45E5-A3C0-084A8E37886C}"
EndProject
Project("{2150E333-8FDC-42A3-9474-1A3956D46DE8}") = "AI Recommandation Case Study", "AI Recommandation Case Study", "{A22A832A-81A5-4326-998F-FB70EB3434F8}"
EndProject
Project("{FAE04EC0-301F-11D3-BF4B-00C04F79EFBC}") = "AIRecommandarCoreEngine", "AIRecommandarCoreEngine\AIRecommandarCoreEngine.csproj", "{87B3BB51-224A-42C1-97A8-7FDC36825FC6}"
EndProject
Project("{FAE04EC0-301F-11D3-BF4B-00C04F79EFBC}") = "PearsonRecommenderUnitTest", "PearsonRecommenderUnitTest\PearsonRecommenderUnitTest.csproj", "{9096BDBE-3031-4523-972E-749CCC2FD8BA}"
EndProject
Project("{FAE04EC0-301F-11D3-BF4B-00C04F79EFBC}") = "AIDataLoader", "AIDataLoader\AIDataLoader.csproj", "{E74ED215-D762-44AB-B6D1-479E5D0E908F}"
EndProject
Project("{FAE04EC0-301F-11D3-BF4B-00C04F79EFBC}") = "AIRatingsAggrigator", "AIRatingsAggrigator\AIRatingsAggrigator.csproj", "{DB33D53A-737E-4665-A563-B6EC6C53BC1A}"
EndProject
Project("{FAE04EC0-301F-11D3-BF4B-00C04F79EFBC}") = "AIEntities", "AIEntities\AIEntities.csproj", "{168FF6D8-5869-4F29-B7C4-0C4F75FA5F93}"
EndProject
Project("{FAE04EC0-301F-11D3-BF4B-00C04F79EFBC}") = "AIRecommendationEngine", "AIRecommendationEngine\AIRecommendationEngine.csproj", "{813926D9-D8D9-40AA-8A6B-83CEA95B65DA}"
EndProject
Project("{FAE04EC0-301F-11D3-BF4B-00C04F79EFBC}") = "AIRecommendationClientApp", "AIRecommendationClientApp\AIRecommendationClientApp.csproj", "{A23E2025-DBCA-413E-B9D3-19A65860BEC6}"
EndProject
Project("{2150E333-8FDC-42A3-9474-1A3956D46DE8}") = "Language Enhancements", "Language Enhancements", "{8436F3E9-913D-4314-87EF-DC70C1717087}"
EndProject
Project("{FAE04EC0-301F-11D3-BF4B-00C04F79EFBC}") = "LanguageEnhancementDemo", "LanguageEnhancementDemo\LanguageEnhancementDemo.csproj", "{30C0A629-F23E-4A7A-8A4D-D36EB723F9DB}"
EndProject
Project("{FAE04EC0-301F-11D3-BF4B-00C04F79EFBC}") = "LINQDemos", "LINQDemos\LINQDemos.csproj", "{A5B0268E-FD64-4852-BA81-B37E8FA4E745}"
EndProject
Project("{FAE04EC0-301F-11D3-BF4B-00C04F79EFBC}") = "LinqToXmlDemo", "LinqToXmlDemo\LinqToXmlDemo.csproj", "{DE48A90C-9694-455A-8923-4DEE7C847B51}"
EndProject
Project("{2150E333-8FDC-42A3-9474-1A3956D46DE8}") = "EF Demos", "EF Demos", "{3252982F-79E6-4E07-B488-45D60BAFE007}"
EndProject
Project("{FAE04EC0-301F-11D3-BF4B-00C04F79EFBC}") = "EFDBFirstDemo", "EFDBFirstDemo\EFDBFirstDemo.csproj", "{37E1627E-52F7-4B5E-812F-BF74BE3F2544}"
EndProject
Global
	GlobalSection(SolutionConfigurationPlatforms) = preSolution
		Debug|Any CPU = Debug|Any CPU
		Release|Any CPU = Release|Any CPU
	EndGlobalSection
	GlobalSection(ProjectConfigurationPlatforms) = postSolution
		{C4DEFB30-3CB5-4199-8D5A-5D8DB455A20F}.Debug|Any CPU.ActiveCfg = Debug|Any CPU
		{C4DEFB30-3CB5-4199-8D5A-5D8DB455A20F}.Debug|Any CPU.Build.0 = Debug|Any CPU
		{C4DEFB30-3CB5-4199-8D5A-5D8DB455A20F}.Release|Any CPU.ActiveCfg = Release|Any CPU
		{C4DEFB30-3CB5-4199-8D5A-5D8DB455A20F}.Release|Any CPU.Build.0 = Release|Any CPU
		{FC1A99A2-B0C4-42BB-BA81-AE7A7B7B220E}.Debug|Any CPU.ActiveCfg = Debug|Any CPU
		{FC1A99A2-B0C4-42BB-BA81-AE7A7B7B220E}.Debug|Any CPU.Build.0 = Debug|Any CPU
		{FC1A99A2-B0C4-42BB-BA81-AE7A7B7B220E}.Release|Any CPU.ActiveCfg = Release|Any CPU
		{FC1A99A2-B0C4-42BB-BA81-AE7A7B7B220E}.Release|Any CPU.Build.0 = Release|Any CPU
		{A55FC546-A82C-49E3-A9D4-1F6ABDE47533}.Debug|Any CPU.ActiveCfg = Debug|Any CPU
		{A55FC546-A82C-49E3-A9D4-1F6ABDE47533}.Debug|Any CPU.Build.0 = Debug|Any CPU
		{A55FC546-A82C-49E3-A9D4-1F6ABDE47533}.Release|Any CPU.ActiveCfg = Release|Any CPU
		{A55FC546-A82C-49E3-A9D4-1F6ABDE47533}.Release|Any CPU.Build.0 = Release|Any CPU
		{072DD937-8ADC-4745-8F87-12EA683FEE4B}.Debug|Any CPU.ActiveCfg = Debug|Any CPU
		{072DD937-8ADC-4745-8F87-12EA683FEE4B}.Debug|Any CPU.Build.0 = Debug|Any CPU
		{072DD937-8ADC-4745-8F87-12EA683FEE4B}.Release|Any CPU.ActiveCfg = Release|Any CPU
		{072DD937-8ADC-4745-8F87-12EA683FEE4B}.Release|Any CPU.Build.0 = Release|Any CPU
		{9F997115-FB58-49B6-88CD-FF6E5A4024EF}.Debug|Any CPU.ActiveCfg = Debug|Any CPU
		{9F997115-FB58-49B6-88CD-FF6E5A4024EF}.Debug|Any CPU.Build.0 = Debug|Any CPU
		{9F997115-FB58-49B6-88CD-FF6E5A4024EF}.Release|Any CPU.ActiveCfg = Release|Any CPU
		{9F997115-FB58-49B6-88CD-FF6E5A4024EF}.Release|Any CPU.Build.0 = Release|Any CPU
		{D3165156-CAEA-4950-A323-D7B5762D8573}.Debug|Any CPU.ActiveCfg = Debug|Any CPU
		{D3165156-CAEA-4950-A323-D7B5762D8573}.Debug|Any CPU.Build.0 = Debug|Any CPU
		{D3165156-CAEA-4950-A323-D7B5762D8573}.Release|Any CPU.ActiveCfg = Release|Any CPU
		{D3165156-CAEA-4950-A323-D7B5762D8573}.Release|Any CPU.Build.0 = Release|Any CPU
		{A439A0D1-822B-419A-B9F3-CFA747582760}.Debug|Any CPU.ActiveCfg = Debug|Any CPU
		{A439A0D1-822B-419A-B9F3-CFA747582760}.Debug|Any CPU.Build.0 = Debug|Any CPU
		{A439A0D1-822B-419A-B9F3-CFA747582760}.Release|Any CPU.ActiveCfg = Release|Any CPU
		{A439A0D1-822B-419A-B9F3-CFA747582760}.Release|Any CPU.Build.0 = Release|Any CPU
		{C66D8F5A-0082-40D0-9A37-94224D65E703}.Debug|Any CPU.ActiveCfg = Debug|Any CPU
		{C66D8F5A-0082-40D0-9A37-94224D65E703}.Debug|Any CPU.Build.0 = Debug|Any CPU
		{C66D8F5A-0082-40D0-9A37-94224D65E703}.Release|Any CPU.ActiveCfg = Release|Any CPU
		{C66D8F5A-0082-40D0-9A37-94224D65E703}.Release|Any CPU.Build.0 = Release|Any CPU
		{7CE48011-8039-4B6F-8704-BE71B610DB22}.Debug|Any CPU.ActiveCfg = Debug|Any CPU
		{7CE48011-8039-4B6F-8704-BE71B610DB22}.Debug|Any CPU.Build.0 = Debug|Any CPU
		{7CE48011-8039-4B6F-8704-BE71B610DB22}.Release|Any CPU.ActiveCfg = Release|Any CPU
		{7CE48011-8039-4B6F-8704-BE71B610DB22}.Release|Any CPU.Build.0 = Release|Any CPU
		{FBDD152C-5434-4D4F-B59C-8832ABAB548A}.Debug|Any CPU.ActiveCfg = Debug|Any CPU
		{FBDD152C-5434-4D4F-B59C-8832ABAB548A}.Debug|Any CPU.Build.0 = Debug|Any CPU
		{FBDD152C-5434-4D4F-B59C-8832ABAB548A}.Release|Any CPU.ActiveCfg = Release|Any CPU
		{FBDD152C-5434-4D4F-B59C-8832ABAB548A}.Release|Any CPU.Build.0 = Release|Any CPU
		{E5825E8A-5E8F-45E5-A3C0-084A8E37886C}.Debug|Any CPU.ActiveCfg = Debug|Any CPU
		{E5825E8A-5E8F-45E5-A3C0-084A8E37886C}.Debug|Any CPU.Build.0 = Debug|Any CPU
		{E5825E8A-5E8F-45E5-A3C0-084A8E37886C}.Release|Any CPU.ActiveCfg = Release|Any CPU
		{E5825E8A-5E8F-45E5-A3C0-084A8E37886C}.Release|Any CPU.Build.0 = Release|Any CPU
		{87B3BB51-224A-42C1-97A8-7FDC36825FC6}.Debug|Any CPU.ActiveCfg = Debug|Any CPU
		{87B3BB51-224A-42C1-97A8-7FDC36825FC6}.Debug|Any CPU.Build.0 = Debug|Any CPU
		{87B3BB51-224A-42C1-97A8-7FDC36825FC6}.Release|Any CPU.ActiveCfg = Release|Any CPU
		{87B3BB51-224A-42C1-97A8-7FDC36825FC6}.Release|Any CPU.Build.0 = Release|Any CPU
		{9096BDBE-3031-4523-972E-749CCC2FD8BA}.Debug|Any CPU.ActiveCfg = Debug|Any CPU
		{9096BDBE-3031-4523-972E-749CCC2FD8BA}.Debug|Any CPU.Build.0 = Debug|Any CPU
		{9096BDBE-3031-4523-972E-749CCC2FD8BA}.Release|Any CPU.ActiveCfg = Release|Any CPU
		{9096BDBE-3031-4523-972E-749CCC2FD8BA}.Release|Any CPU.Build.0 = Release|Any CPU
		{E74ED215-D762-44AB-B6D1-479E5D0E908F}.Debug|Any CPU.ActiveCfg = Debug|Any CPU
		{E74ED215-D762-44AB-B6D1-479E5D0E908F}.Debug|Any CPU.Build.0 = Debug|Any CPU
		{E74ED215-D762-44AB-B6D1-479E5D0E908F}.Release|Any CPU.ActiveCfg = Release|Any CPU
		{E74ED215-D762-44AB-B6D1-479E5D0E908F}.Release|Any CPU.Build.0 = Release|Any CPU
		{DB33D53A-737E-4665-A563-B6EC6C53BC1A}.Debug|Any CPU.ActiveCfg = Debug|Any CPU
		{DB33D53A-737E-4665-A563-B6EC6C53BC1A}.Debug|Any CPU.Build.0 = Debug|Any CPU
		{DB33D53A-737E-4665-A563-B6EC6C53BC1A}.Release|Any CPU.ActiveCfg = Release|Any CPU
		{DB33D53A-737E-4665-A563-B6EC6C53BC1A}.Release|Any CPU.Build.0 = Release|Any CPU
		{168FF6D8-5869-4F29-B7C4-0C4F75FA5F93}.Debug|Any CPU.ActiveCfg = Debug|Any CPU
		{168FF6D8-5869-4F29-B7C4-0C4F75FA5F93}.Debug|Any CPU.Build.0 = Debug|Any CPU
		{168FF6D8-5869-4F29-B7C4-0C4F75FA5F93}.Release|Any CPU.ActiveCfg = Release|Any CPU
		{168FF6D8-5869-4F29-B7C4-0C4F75FA5F93}.Release|Any CPU.Build.0 = Release|Any CPU
		{813926D9-D8D9-40AA-8A6B-83CEA95B65DA}.Debug|Any CPU.ActiveCfg = Debug|Any CPU
		{813926D9-D8D9-40AA-8A6B-83CEA95B65DA}.Debug|Any CPU.Build.0 = Debug|Any CPU
		{813926D9-D8D9-40AA-8A6B-83CEA95B65DA}.Release|Any CPU.ActiveCfg = Release|Any CPU
		{813926D9-D8D9-40AA-8A6B-83CEA95B65DA}.Release|Any CPU.Build.0 = Release|Any CPU
		{A23E2025-DBCA-413E-B9D3-19A65860BEC6}.Debug|Any CPU.ActiveCfg = Debug|Any CPU
		{A23E2025-DBCA-413E-B9D3-19A65860BEC6}.Debug|Any CPU.Build.0 = Debug|Any CPU
		{A23E2025-DBCA-413E-B9D3-19A65860BEC6}.Release|Any CPU.ActiveCfg = Release|Any CPU
		{A23E2025-DBCA-413E-B9D3-19A65860BEC6}.Release|Any CPU.Build.0 = Release|Any CPU
		{30C0A629-F23E-4A7A-8A4D-D36EB723F9DB}.Debug|Any CPU.ActiveCfg = Debug|Any CPU
		{30C0A629-F23E-4A7A-8A4D-D36EB723F9DB}.Debug|Any CPU.Build.0 = Debug|Any CPU
		{30C0A629-F23E-4A7A-8A4D-D36EB723F9DB}.Release|Any CPU.ActiveCfg = Release|Any CPU
		{30C0A629-F23E-4A7A-8A4D-D36EB723F9DB}.Release|Any CPU.Build.0 = Release|Any CPU
		{A5B0268E-FD64-4852-BA81-B37E8FA4E745}.Debug|Any CPU.ActiveCfg = Debug|Any CPU
		{A5B0268E-FD64-4852-BA81-B37E8FA4E745}.Debug|Any CPU.Build.0 = Debug|Any CPU
		{A5B0268E-FD64-4852-BA81-B37E8FA4E745}.Release|Any CPU.ActiveCfg = Release|Any CPU
		{A5B0268E-FD64-4852-BA81-B37E8FA4E745}.Release|Any CPU.Build.0 = Release|Any CPU
		{DE48A90C-9694-455A-8923-4DEE7C847B51}.Debug|Any CPU.ActiveCfg = Debug|Any CPU
		{DE48A90C-9694-455A-8923-4DEE7C847B51}.Debug|Any CPU.Build.0 = Debug|Any CPU
		{DE48A90C-9694-455A-8923-4DEE7C847B51}.Release|Any CPU.ActiveCfg = Release|Any CPU
		{DE48A90C-9694-455A-8923-4DEE7C847B51}.Release|Any CPU.Build.0 = Release|Any CPU
		{37E1627E-52F7-4B5E-812F-BF74BE3F2544}.Debug|Any CPU.ActiveCfg = Debug|Any CPU
		{37E1627E-52F7-4B5E-812F-BF74BE3F2544}.Debug|Any CPU.Build.0 = Debug|Any CPU
		{37E1627E-52F7-4B5E-812F-BF74BE3F2544}.Release|Any CPU.ActiveCfg = Release|Any CPU
		{37E1627E-52F7-4B5E-812F-BF74BE3F2544}.Release|Any CPU.Build.0 = Release|Any CPU
	EndGlobalSection
	GlobalSection(SolutionProperties) = preSolution
		HideSolutionNode = FALSE
	EndGlobalSection
	GlobalSection(NestedProjects) = preSolution
		{C4DEFB30-3CB5-4199-8D5A-5D8DB455A20F} = {B5FFEC93-5935-465D-9EC6-A1EC2EE8C9F9}
		{FC1A99A2-B0C4-42BB-BA81-AE7A7B7B220E} = {B5FFEC93-5935-465D-9EC6-A1EC2EE8C9F9}
		{A55FC546-A82C-49E3-A9D4-1F6ABDE47533} = {3B6E4A7B-1C33-4CF5-9DEB-A1198117BAF1}
		{072DD937-8ADC-4745-8F87-12EA683FEE4B} = {3B6E4A7B-1C33-4CF5-9DEB-A1198117BAF1}
		{9F997115-FB58-49B6-88CD-FF6E5A4024EF} = {3B6E4A7B-1C33-4CF5-9DEB-A1198117BAF1}
		{D3165156-CAEA-4950-A323-D7B5762D8573} = {3B6E4A7B-1C33-4CF5-9DEB-A1198117BAF1}
		{A439A0D1-822B-419A-B9F3-CFA747582760} = {EE86E826-5230-461B-AD25-99C429A55C07}
		{C66D8F5A-0082-40D0-9A37-94224D65E703} = {0D7478F6-BFC4-4D8E-8CF2-9C445F3BE7E8}
		{7CE48011-8039-4B6F-8704-BE71B610DB22} = {0D7478F6-BFC4-4D8E-8CF2-9C445F3BE7E8}
		{FBDD152C-5434-4D4F-B59C-8832ABAB548A} = {0D7478F6-BFC4-4D8E-8CF2-9C445F3BE7E8}
		{E5825E8A-5E8F-45E5-A3C0-084A8E37886C} = {0D7478F6-BFC4-4D8E-8CF2-9C445F3BE7E8}
		{87B3BB51-224A-42C1-97A8-7FDC36825FC6} = {A22A832A-81A5-4326-998F-FB70EB3434F8}
		{9096BDBE-3031-4523-972E-749CCC2FD8BA} = {A22A832A-81A5-4326-998F-FB70EB3434F8}
		{E74ED215-D762-44AB-B6D1-479E5D0E908F} = {A22A832A-81A5-4326-998F-FB70EB3434F8}
		{DB33D53A-737E-4665-A563-B6EC6C53BC1A} = {A22A832A-81A5-4326-998F-FB70EB3434F8}
		{168FF6D8-5869-4F29-B7C4-0C4F75FA5F93} = {A22A832A-81A5-4326-998F-FB70EB3434F8}
		{813926D9-D8D9-40AA-8A6B-83CEA95B65DA} = {A22A832A-81A5-4326-998F-FB70EB3434F8}
		{A23E2025-DBCA-413E-B9D3-19A65860BEC6} = {A22A832A-81A5-4326-998F-FB70EB3434F8}
		{30C0A629-F23E-4A7A-8A4D-D36EB723F9DB} = {8436F3E9-913D-4314-87EF-DC70C1717087}
		{A5B0268E-FD64-4852-BA81-B37E8FA4E745} = {8436F3E9-913D-4314-87EF-DC70C1717087}
		{DE48A90C-9694-455A-8923-4DEE7C847B51} = {8436F3E9-913D-4314-87EF-DC70C1717087}
		{37E1627E-52F7-4B5E-812F-BF74BE3F2544} = {3252982F-79E6-4E07-B488-45D60BAFE007}
	EndGlobalSection
	GlobalSection(ExtensibilityGlobals) = postSolution
		SolutionGuid = {8EBF7831-6F01-467C-919F-EA5C3D0024B6}
	EndGlobalSection
EndGlobal
