
Microsoft Visual Studio Solution File, Format Version 12.00
# Visual Studio Version 17
VisualStudioVersion = 17.0.32112.339
MinimumVisualStudioVersion = 10.0.40219.1
Project("{FAE04EC0-301F-11D3-BF4B-00C04F79EFBC}") = "DatabaseProgrammingWithADODemos", "DatabaseProgrammingWithADODemos\DatabaseProgrammingWithADODemos.csproj", "{C4DEFB30-3CB5-4199-8D5A-5D8DB455A20F}"
EndProject
Project("{2150E333-8FDC-42A3-9474-1A3956D46DE8}") = "ADO Demos", "ADO Demos", "{B5FFEC93-5935-465D-9EC6-A1EC2EE8C9F9}"
EndProject
Project("{FAE04EC0-301F-11D3-BF4B-00C04F79EFBC}") = "ContactsManagementWindowsFormsApp", "ContactsManagementWindowsFormsApp\ContactsManagementWindowsFormsApp.csproj", "{FC1A99A2-B0C4-42BB-BA81-AE7A7B7B220E}"
EndProject
Project("{2150E333-8FDC-42A3-9474-1A3956D46DE8}") = "OO Demos", "OO Demos", "{3B6E4A7B-1C33-4CF5-9DEB-A1198117BAF1}"
EndProject
Project("{FAE04EC0-301F-11D3-BF4B-00C04F79EFBC}") = "OODemo1", "OODemo1\OODemo1.csproj", "{A55FC546-A82C-49E3-A9D4-1F6ABDE47533}"
EndProject
Project("{FAE04EC0-301F-11D3-BF4B-00C04F79EFBC}") = "OODemo2", "OODemo2\OODemo2.csproj", "{072DD937-8ADC-4745-8F87-12EA683FEE4B}"
EndProject
Project("{FAE04EC0-301F-11D3-BF4B-00C04F79EFBC}") = "OODemo3", "OODemo3\OODemo3.csproj", "{9F997115-FB58-49B6-88CD-FF6E5A4024EF}"
EndProject
Project("{FAE04EC0-301F-11D3-BF4B-00C04F79EFBC}") = "IDELab", "IDELab\IDELab.csproj", "{D3165156-CAEA-4950-A323-D7B5762D8573}"
EndProject
Project("{2150E333-8FDC-42A3-9474-1A3956D46DE8}") = "DP Demos", "DP Demos", "{EE86E826-5230-461B-AD25-99C429A55C07}"
EndProject
Project("{FAE04EC0-301F-11D3-BF4B-00C04F79EFBC}") = "POSWithDesignPatternsDemo", "POSWithDesignPatternsDemo\POSWithDesignPatternsDemo.csproj", "{A439A0D1-822B-419A-B9F3-CFA747582760}"
EndProject
Global
	GlobalSection(SolutionConfigurationPlatforms) = preSolution
		Debug|Any CPU = Debug|Any CPU
		Release|Any CPU = Release|Any CPU
	EndGlobalSection
	GlobalSection(ProjectConfigurationPlatforms) = postSolution
		{C4DEFB30-3CB5-4199-8D5A-5D8DB455A20F}.Debug|Any CPU.ActiveCfg = Debug|Any CPU
		{C4DEFB30-3CB5-4199-8D5A-5D8DB455A20F}.Debug|Any CPU.Build.0 = Debug|Any CPU
		{C4DEFB30-3CB5-4199-8D5A-5D8DB455A20F}.Release|Any CPU.ActiveCfg = Release|Any CPU
		{C4DEFB30-3CB5-4199-8D5A-5D8DB455A20F}.Release|Any CPU.Build.0 = Release|Any CPU
		{FC1A99A2-B0C4-42BB-BA81-AE7A7B7B220E}.Debug|Any CPU.ActiveCfg = Debug|Any CPU
		{FC1A99A2-B0C4-42BB-BA81-AE7A7B7B220E}.Debug|Any CPU.Build.0 = Debug|Any CPU
		{FC1A99A2-B0C4-42BB-BA81-AE7A7B7B220E}.Release|Any CPU.ActiveCfg = Release|Any CPU
		{FC1A99A2-B0C4-42BB-BA81-AE7A7B7B220E}.Release|Any CPU.Build.0 = Release|Any CPU
		{A55FC546-A82C-49E3-A9D4-1F6ABDE47533}.Debug|Any CPU.ActiveCfg = Debug|Any CPU
		{A55FC546-A82C-49E3-A9D4-1F6ABDE47533}.Debug|Any CPU.Build.0 = Debug|Any CPU
		{A55FC546-A82C-49E3-A9D4-1F6ABDE47533}.Release|Any CPU.ActiveCfg = Release|Any CPU
		{A55FC546-A82C-49E3-A9D4-1F6ABDE47533}.Release|Any CPU.Build.0 = Release|Any CPU
		{072DD937-8ADC-4745-8F87-12EA683FEE4B}.Debug|Any CPU.ActiveCfg = Debug|Any CPU
		{072DD937-8ADC-4745-8F87-12EA683FEE4B}.Debug|Any CPU.Build.0 = Debug|Any CPU
		{072DD937-8ADC-4745-8F87-12EA683FEE4B}.Release|Any CPU.ActiveCfg = Release|Any CPU
		{072DD937-8ADC-4745-8F87-12EA683FEE4B}.Release|Any CPU.Build.0 = Release|Any CPU
		{9F997115-FB58-49B6-88CD-FF6E5A4024EF}.Debug|Any CPU.ActiveCfg = Debug|Any CPU
		{9F997115-FB58-49B6-88CD-FF6E5A4024EF}.Debug|Any CPU.Build.0 = Debug|Any CPU
		{9F997115-FB58-49B6-88CD-FF6E5A4024EF}.Release|Any CPU.ActiveCfg = Release|Any CPU
		{9F997115-FB58-49B6-88CD-FF6E5A4024EF}.Release|Any CPU.Build.0 = Release|Any CPU
		{D3165156-CAEA-4950-A323-D7B5762D8573}.Debug|Any CPU.ActiveCfg = Debug|Any CPU
		{D3165156-CAEA-4950-A323-D7B5762D8573}.Debug|Any CPU.Build.0 = Debug|Any CPU
		{D3165156-CAEA-4950-A323-D7B5762D8573}.Release|Any CPU.ActiveCfg = Release|Any CPU
		{D3165156-CAEA-4950-A323-D7B5762D8573}.Release|Any CPU.Build.0 = Release|Any CPU
		{A439A0D1-822B-419A-B9F3-CFA747582760}.Debug|Any CPU.ActiveCfg = Debug|Any CPU
		{A439A0D1-822B-419A-B9F3-CFA747582760}.Debug|Any CPU.Build.0 = Debug|Any CPU
		{A439A0D1-822B-419A-B9F3-CFA747582760}.Release|Any CPU.ActiveCfg = Release|Any CPU
		{A439A0D1-822B-419A-B9F3-CFA747582760}.Release|Any CPU.Build.0 = Release|Any CPU
	EndGlobalSection
	GlobalSection(SolutionProperties) = preSolution
		HideSolutionNode = FALSE
	EndGlobalSection
	GlobalSection(NestedProjects) = preSolution
		{C4DEFB30-3CB5-4199-8D5A-5D8DB455A20F} = {B5FFEC93-5935-465D-9EC6-A1EC2EE8C9F9}
		{FC1A99A2-B0C4-42BB-BA81-AE7A7B7B220E} = {B5FFEC93-5935-465D-9EC6-A1EC2EE8C9F9}
		{A55FC546-A82C-49E3-A9D4-1F6ABDE47533} = {3B6E4A7B-1C33-4CF5-9DEB-A1198117BAF1}
		{072DD937-8ADC-4745-8F87-12EA683FEE4B} = {3B6E4A7B-1C33-4CF5-9DEB-A1198117BAF1}
		{9F997115-FB58-49B6-88CD-FF6E5A4024EF} = {3B6E4A7B-1C33-4CF5-9DEB-A1198117BAF1}
		{D3165156-CAEA-4950-A323-D7B5762D8573} = {3B6E4A7B-1C33-4CF5-9DEB-A1198117BAF1}
		{A439A0D1-822B-419A-B9F3-CFA747582760} = {EE86E826-5230-461B-AD25-99C429A55C07}
	EndGlobalSection
	GlobalSection(ExtensibilityGlobals) = postSolution
		SolutionGuid = {8EBF7831-6F01-467C-919F-EA5C3D0024B6}
	EndGlobalSection
EndGlobal
